
Microsoft Visual Studio Solution File, Format Version 12.00
# Visual Studio Version 17
VisualStudioVersion = 17.7.34031.279
MinimumVisualStudioVersion = 10.0.40219.1
Project("{9A19103F-16F7-4668-BE54-9A1E7A4F7556}") = "heapsortArray", "heapsort\heapsortArray.csproj", "{17986DDC-124D-45D6-80CD-81099B8E94B8}"
EndProject
Global
	GlobalSection(SolutionConfigurationPlatforms) = preSolution
		Debug|Any CPU = Debug|Any CPU
		Release|Any CPU = Release|Any CPU
	EndGlobalSection
	GlobalSection(ProjectConfigurationPlatforms) = postSolution
		{17986DDC-124D-45D6-80CD-81099B8E94B8}.Debug|Any CPU.ActiveCfg = Debug|Any CPU
		{17986DDC-124D-45D6-80CD-81099B8E94B8}.Debug|Any CPU.Build.0 = Debug|Any CPU
		{17986DDC-124D-45D6-80CD-81099B8E94B8}.Release|Any CPU.ActiveCfg = Release|Any CPU
		{17986DDC-124D-45D6-80CD-81099B8E94B8}.Release|Any CPU.Build.0 = Release|Any CPU
	EndGlobalSection
	GlobalSection(SolutionProperties) = preSolution
		HideSolutionNode = FALSE
	EndGlobalSection
	GlobalSection(ExtensibilityGlobals) = postSolution
		SolutionGuid = {856D6FBE-24B3-4A50-8859-D2F4CF955BA1}
	EndGlobalSection
EndGlobal
